
Microsoft Visual Studio Solution File, Format Version 12.00
# Visual Studio Version 17
VisualStudioVersion = 17.14.36414.22 d17.14
MinimumVisualStudioVersion = 10.0.40219.1
Project("{FAE04EC0-301F-11D3-BF4B-00C04F79EFBC}") = "Tarefas.API", "Tarefas.API\Tarefas.API.csproj", "{6235D841-FDC7-4AA2-8511-CDEE84A44969}"
EndProject
Project("{FAE04EC0-301F-11D3-BF4B-00C04F79EFBC}") = "Tarefas.Communication", "Tarefas.Communication\Tarefas.Communication.csproj", "{C02A5A68-A944-4F5F-A9C4-6BB49ABC764D}"
EndProject
Project("{FAE04EC0-301F-11D3-BF4B-00C04F79EFBC}") = "Tarefas.Application", "Tarefas.Application\Tarefas.Application.csproj", "{95F7EC00-B806-4505-B38A-DB3407A0C66D}"
EndProject
Global
	GlobalSection(SolutionConfigurationPlatforms) = preSolution
		Debug|Any CPU = Debug|Any CPU
		Release|Any CPU = Release|Any CPU
	EndGlobalSection
	GlobalSection(ProjectConfigurationPlatforms) = postSolution
		{6235D841-FDC7-4AA2-8511-CDEE84A44969}.Debug|Any CPU.ActiveCfg = Debug|Any CPU
		{6235D841-FDC7-4AA2-8511-CDEE84A44969}.Debug|Any CPU.Build.0 = Debug|Any CPU
		{6235D841-FDC7-4AA2-8511-CDEE84A44969}.Release|Any CPU.ActiveCfg = Release|Any CPU
		{6235D841-FDC7-4AA2-8511-CDEE84A44969}.Release|Any CPU.Build.0 = Release|Any CPU
		{C02A5A68-A944-4F5F-A9C4-6BB49ABC764D}.Debug|Any CPU.ActiveCfg = Debug|Any CPU
		{C02A5A68-A944-4F5F-A9C4-6BB49ABC764D}.Debug|Any CPU.Build.0 = Debug|Any CPU
		{C02A5A68-A944-4F5F-A9C4-6BB49ABC764D}.Release|Any CPU.ActiveCfg = Release|Any CPU
		{C02A5A68-A944-4F5F-A9C4-6BB49ABC764D}.Release|Any CPU.Build.0 = Release|Any CPU
		{95F7EC00-B806-4505-B38A-DB3407A0C66D}.Debug|Any CPU.ActiveCfg = Debug|Any CPU
		{95F7EC00-B806-4505-B38A-DB3407A0C66D}.Debug|Any CPU.Build.0 = Debug|Any CPU
		{95F7EC00-B806-4505-B38A-DB3407A0C66D}.Release|Any CPU.ActiveCfg = Release|Any CPU
		{95F7EC00-B806-4505-B38A-DB3407A0C66D}.Release|Any CPU.Build.0 = Release|Any CPU
	EndGlobalSection
	GlobalSection(SolutionProperties) = preSolution
		HideSolutionNode = FALSE
	EndGlobalSection
	GlobalSection(ExtensibilityGlobals) = postSolution
		SolutionGuid = {48A179F6-38A1-4141-A7BC-4E170EEDCBC9}
	EndGlobalSection
EndGlobal
